{
  "projects": [
    {
      "projectId": "vpcYHrXbsH6LUnbKFzgKAs",
      "version": "latest",
      "dependencies": {},
      "lang": "js",
      "fileLocks": [
        {
          "type": "globalVariant",
          "assetId": "Ua1ivJLBAEJb",
          "checksum": "40e0514c7c1a370c9b6f214246268cb4"
        },
        {
          "type": "renderModule",
          "assetId": "S1N8wpFX1SrO",
          "checksum": "e37afa02df6d107be3ea7e9772d977c5"
        },
        {
          "type": "cssRules",
          "assetId": "S1N8wpFX1SrO",
          "checksum": "e37afa02df6d107be3ea7e9772d977c5"
        },
        {
          "type": "renderModule",
          "assetId": "UwWUDm9S7t",
          "checksum": "d53deaed27a80d132065005a98e5ea21"
        },
        {
          "type": "cssRules",
          "assetId": "UwWUDm9S7t",
          "checksum": "d53deaed27a80d132065005a98e5ea21"
        },
        {
          "type": "renderModule",
          "assetId": "7MQ1w3J5JA",
          "checksum": "a607f8ab80cdce6ab70ecee0d493001c"
        },
        {
          "type": "cssRules",
          "assetId": "7MQ1w3J5JA",
          "checksum": "a607f8ab80cdce6ab70ecee0d493001c"
        },
        {
          "type": "renderModule",
          "assetId": "wbJ6PfISy8",
          "checksum": "36c51c38d8d25ada08a8198150d165f3"
        },
        {
          "type": "cssRules",
          "assetId": "wbJ6PfISy8",
          "checksum": "36c51c38d8d25ada08a8198150d165f3"
        },
        {
          "type": "renderModule",
          "assetId": "VmjFCzlhl8",
          "checksum": "2a024cf2b56da38dc44183f51f632e42"
        },
        {
          "type": "cssRules",
          "assetId": "VmjFCzlhl8",
          "checksum": "2a024cf2b56da38dc44183f51f632e42"
        },
        {
          "type": "renderModule",
          "assetId": "08Del2QF4A",
          "checksum": "05b3c33e57bce777361366f60892b31f"
        },
        {
          "type": "cssRules",
          "assetId": "08Del2QF4A",
          "checksum": "05b3c33e57bce777361366f60892b31f"
        },
        {
          "type": "renderModule",
          "assetId": "MYCwyjoLXCa",
          "checksum": "b470ccddaaaeae5824f42dd5bd391257"
        },
        {
          "type": "cssRules",
          "assetId": "MYCwyjoLXCa",
          "checksum": "b470ccddaaaeae5824f42dd5bd391257"
        },
        {
          "type": "renderModule",
          "assetId": "ryMEoCge3-",
          "checksum": "c479667be837630835f4518e21628af0"
        },
        {
          "type": "cssRules",
          "assetId": "ryMEoCge3-",
          "checksum": "c479667be837630835f4518e21628af0"
        },
        {
          "type": "renderModule",
          "assetId": "DJ5ohi16iS",
          "checksum": "45fbaa88881f074d7c8da689fecf4d66"
        },
        {
          "type": "cssRules",
          "assetId": "DJ5ohi16iS",
          "checksum": "45fbaa88881f074d7c8da689fecf4d66"
        },
        {
          "type": "renderModule",
          "assetId": "gK4A7lO4Rf",
          "checksum": "9b35e42a88f300c4b40991ccaaf45724"
        },
        {
          "type": "cssRules",
          "assetId": "gK4A7lO4Rf",
          "checksum": "9b35e42a88f300c4b40991ccaaf45724"
        },
        {
          "type": "renderModule",
          "assetId": "p3zItY3nmn",
          "checksum": "84fd5fbfb21a9f2ca70b1f8f0d78999f"
        },
        {
          "type": "cssRules",
          "assetId": "p3zItY3nmn",
          "checksum": "84fd5fbfb21a9f2ca70b1f8f0d78999f"
        },
        {
          "type": "renderModule",
          "assetId": "wpvaXd42G3",
          "checksum": "5fe194b16e40c67d83925a30996bdd9c"
        },
        {
          "type": "cssRules",
          "assetId": "wpvaXd42G3",
          "checksum": "5fe194b16e40c67d83925a30996bdd9c"
        },
        {
          "type": "renderModule",
          "assetId": "PCrhC-FAHV",
          "checksum": "f8e1d77f58626b2bd6419316274b9816"
        },
        {
          "type": "cssRules",
          "assetId": "PCrhC-FAHV",
          "checksum": "f8e1d77f58626b2bd6419316274b9816"
        },
        {
          "type": "renderModule",
          "assetId": "GYWi95vLfh",
          "checksum": "a489bce9182cd9f17ec886937b3e6f23"
        },
        {
          "type": "cssRules",
          "assetId": "GYWi95vLfh",
          "checksum": "a489bce9182cd9f17ec886937b3e6f23"
        },
        {
          "type": "renderModule",
          "assetId": "aDdmyUpmHQB",
          "checksum": "022bf7129312e690cff868e44b030a29"
        },
        {
          "type": "cssRules",
          "assetId": "aDdmyUpmHQB",
          "checksum": "022bf7129312e690cff868e44b030a29"
        },
        {
          "type": "renderModule",
          "assetId": "b995Ls5eZP",
          "checksum": "8d5b93b1cf0ade04fabc42e2b8837bff"
        },
        {
          "type": "cssRules",
          "assetId": "b995Ls5eZP",
          "checksum": "8d5b93b1cf0ade04fabc42e2b8837bff"
        },
        {
          "type": "renderModule",
          "assetId": "mqLBwPJ93g",
          "checksum": "c5c3d7be8c6f4bb2069877e05e856fc6"
        },
        {
          "type": "cssRules",
          "assetId": "mqLBwPJ93g",
          "checksum": "c5c3d7be8c6f4bb2069877e05e856fc6"
        },
        {
          "type": "renderModule",
          "assetId": "MBa3bpDzoK",
          "checksum": "60db612b26856cc2b216854e1dec5ad2"
        },
        {
          "type": "cssRules",
          "assetId": "MBa3bpDzoK",
          "checksum": "60db612b26856cc2b216854e1dec5ad2"
        },
        {
          "type": "renderModule",
          "assetId": "7oi2b0yO2J",
          "checksum": "62d855cae362fb5611e6a333dd23c7a0"
        },
        {
          "type": "cssRules",
          "assetId": "7oi2b0yO2J",
          "checksum": "62d855cae362fb5611e6a333dd23c7a0"
        },
        {
          "type": "renderModule",
          "assetId": "he8jNy--bW",
          "checksum": "7ca62e0480b4058088ecedc16aa41499"
        },
        {
          "type": "cssRules",
          "assetId": "he8jNy--bW",
          "checksum": "7ca62e0480b4058088ecedc16aa41499"
        },
        {
          "assetId": "vpcYHrXbsH6LUnbKFzgKAs",
          "type": "projectCss",
          "checksum": "88aa2e911668ed4fb2f2bf6ee7ff99a4"
        },
        {
          "type": "icon",
          "assetId": "-0ehSsBe3P",
          "checksum": "63e7071072cba745137d9bed9501cd76"
        },
        {
          "type": "icon",
          "assetId": "7Ds520VAXj",
          "checksum": "ace8be1fd2e1d24819070808b7f92727"
        },
        {
          "type": "icon",
          "assetId": "X20V4F25sq",
          "checksum": "a28d514742a2785a0fe3163a88e28b5d"
        },
        {
          "type": "icon",
          "assetId": "67BwsWVLcL",
          "checksum": "07398fc27bb640891e16f00abf164424"
        },
        {
          "type": "icon",
          "assetId": "da00zvXJE5",
          "checksum": "3822401570f66d88f858e4f2bc3141ba"
        },
        {
          "type": "icon",
          "assetId": "mEOQMd16YT",
          "checksum": "665ca617d5b4c187c98c7508a1dccc06"
        },
        {
          "type": "icon",
          "assetId": "JuwcPNA-Iu",
          "checksum": "1d5d0b2ec2fd2023bdc242d0c5b78fb1"
        },
        {
          "type": "icon",
          "assetId": "3CweqiMj9R",
          "checksum": "456ce123bedfd9ffa7f4090000356082"
        },
        {
          "type": "icon",
          "assetId": "3E6AOpLOlA",
          "checksum": "6c47c58d3292a89aed5f93b9d0a58ae0"
        },
        {
          "type": "icon",
          "assetId": "cvQbAFZHeA",
          "checksum": "15c7ebad18ab74139989d5e087c3acdc"
        },
        {
          "type": "icon",
          "assetId": "Mb-85SPB-o",
          "checksum": "45c1089661b4462abd33d24eebd58082"
        }
      ]
    }
  ],
  "cliVersion": "0.1.135"
}
